
Microsoft Visual Studio Solution File, Format Version 12.00
# Visual Studio Version 17
VisualStudioVersion = 17.6.33815.320
MinimumVisualStudioVersion = 10.0.40219.1
Project("{FAE04EC0-301F-11D3-BF4B-00C04F79EFBC}") = "01. Reverse Strings", "01. Reverse Strings\01. Reverse Strings.csproj", "{FDE50030-D15D-4BC6-ADBB-9AC0BC00C16D}"
EndProject
Project("{FAE04EC0-301F-11D3-BF4B-00C04F79EFBC}") = "02. Repeat Strings", "02. Repeat Strings\02. Repeat Strings.csproj", "{225E9E34-5FCD-483A-8B8C-85A7516A057D}"
EndProject
Project("{FAE04EC0-301F-11D3-BF4B-00C04F79EFBC}") = "03. Substring", "03. Substring\03. Substring.csproj", "{BB8E1AB3-C3BE-432B-8BBD-A3D1C4875F21}"
EndProject
Project("{FAE04EC0-301F-11D3-BF4B-00C04F79EFBC}") = "04. Text Filter", "04. Text Filter\04. Text Filter.csproj", "{345B1AE7-5F5D-4714-9DBA-BF02CE9904BC}"
EndProject
Project("{FAE04EC0-301F-11D3-BF4B-00C04F79EFBC}") = "05. Digits, Letters and Other", "05. Digits, Letters and Other\05. Digits, Letters and Other.csproj", "{76AEF344-15B6-481D-8FE6-26A84415EF45}"
EndProject
Global
	GlobalSection(SolutionConfigurationPlatforms) = preSolution
		Debug|Any CPU = Debug|Any CPU
		Release|Any CPU = Release|Any CPU
	EndGlobalSection
	GlobalSection(ProjectConfigurationPlatforms) = postSolution
		{FDE50030-D15D-4BC6-ADBB-9AC0BC00C16D}.Debug|Any CPU.ActiveCfg = Debug|Any CPU
		{FDE50030-D15D-4BC6-ADBB-9AC0BC00C16D}.Debug|Any CPU.Build.0 = Debug|Any CPU
		{FDE50030-D15D-4BC6-ADBB-9AC0BC00C16D}.Release|Any CPU.ActiveCfg = Release|Any CPU
		{FDE50030-D15D-4BC6-ADBB-9AC0BC00C16D}.Release|Any CPU.Build.0 = Release|Any CPU
		{225E9E34-5FCD-483A-8B8C-85A7516A057D}.Debug|Any CPU.ActiveCfg = Debug|Any CPU
		{225E9E34-5FCD-483A-8B8C-85A7516A057D}.Debug|Any CPU.Build.0 = Debug|Any CPU
		{225E9E34-5FCD-483A-8B8C-85A7516A057D}.Release|Any CPU.ActiveCfg = Release|Any CPU
		{225E9E34-5FCD-483A-8B8C-85A7516A057D}.Release|Any CPU.Build.0 = Release|Any CPU
		{BB8E1AB3-C3BE-432B-8BBD-A3D1C4875F21}.Debug|Any CPU.ActiveCfg = Debug|Any CPU
		{BB8E1AB3-C3BE-432B-8BBD-A3D1C4875F21}.Debug|Any CPU.Build.0 = Debug|Any CPU
		{BB8E1AB3-C3BE-432B-8BBD-A3D1C4875F21}.Release|Any CPU.ActiveCfg = Release|Any CPU
		{BB8E1AB3-C3BE-432B-8BBD-A3D1C4875F21}.Release|Any CPU.Build.0 = Release|Any CPU
		{345B1AE7-5F5D-4714-9DBA-BF02CE9904BC}.Debug|Any CPU.ActiveCfg = Debug|Any CPU
		{345B1AE7-5F5D-4714-9DBA-BF02CE9904BC}.Debug|Any CPU.Build.0 = Debug|Any CPU
		{345B1AE7-5F5D-4714-9DBA-BF02CE9904BC}.Release|Any CPU.ActiveCfg = Release|Any CPU
		{345B1AE7-5F5D-4714-9DBA-BF02CE9904BC}.Release|Any CPU.Build.0 = Release|Any CPU
		{76AEF344-15B6-481D-8FE6-26A84415EF45}.Debug|Any CPU.ActiveCfg = Debug|Any CPU
		{76AEF344-15B6-481D-8FE6-26A84415EF45}.Debug|Any CPU.Build.0 = Debug|Any CPU
		{76AEF344-15B6-481D-8FE6-26A84415EF45}.Release|Any CPU.ActiveCfg = Release|Any CPU
		{76AEF344-15B6-481D-8FE6-26A84415EF45}.Release|Any CPU.Build.0 = Release|Any CPU
	EndGlobalSection
	GlobalSection(SolutionProperties) = preSolution
		HideSolutionNode = FALSE
	EndGlobalSection
	GlobalSection(ExtensibilityGlobals) = postSolution
		SolutionGuid = {14D62DEC-54D6-4B4C-92EE-AC8955CA3022}
	EndGlobalSection
EndGlobal
